
Microsoft Visual Studio Solution File, Format Version 12.00
# Visual Studio Version 17
VisualStudioVersion = 17.3.32929.385
MinimumVisualStudioVersion = 10.0.40219.1
Project("{FAE04EC0-301F-11D3-BF4B-00C04F79EFBC}") = "CALENDER", "CALENDER\CALENDER.csproj", "{FFD30571-7E54-46B6-8D57-70790EE0FFAA}"
EndProject
Global
	GlobalSection(SolutionConfigurationPlatforms) = preSolution
		Debug|Any CPU = Debug|Any CPU
		Release|Any CPU = Release|Any CPU
	EndGlobalSection
	GlobalSection(ProjectConfigurationPlatforms) = postSolution
		{FFD30571-7E54-46B6-8D57-70790EE0FFAA}.Debug|Any CPU.ActiveCfg = Debug|Any CPU
		{FFD30571-7E54-46B6-8D57-70790EE0FFAA}.Debug|Any CPU.Build.0 = Debug|Any CPU
		{FFD30571-7E54-46B6-8D57-70790EE0FFAA}.Release|Any CPU.ActiveCfg = Release|Any CPU
		{FFD30571-7E54-46B6-8D57-70790EE0FFAA}.Release|Any CPU.Build.0 = Release|Any CPU
	EndGlobalSection
	GlobalSection(SolutionProperties) = preSolution
		HideSolutionNode = FALSE
	EndGlobalSection
	GlobalSection(ExtensibilityGlobals) = postSolution
		SolutionGuid = {7669E01E-D92D-4F4B-AC1A-4D1BE278C088}
	EndGlobalSection
EndGlobal
