
Microsoft Visual Studio Solution File, Format Version 12.00
# Visual Studio Version 17
VisualStudioVersion = 17.3.32929.385
MinimumVisualStudioVersion = 10.0.40219.1
Project("{FAE04EC0-301F-11D3-BF4B-00C04F79EFBC}") = "MOVIEPROGRAM THING", "MOVIEPROGRAM THING\MOVIEPROGRAM THING.csproj", "{D5F7830E-2AE9-448A-A5C1-AF1784DCB4B2}"
EndProject
Global
	GlobalSection(SolutionConfigurationPlatforms) = preSolution
		Debug|Any CPU = Debug|Any CPU
		Release|Any CPU = Release|Any CPU
	EndGlobalSection
	GlobalSection(ProjectConfigurationPlatforms) = postSolution
		{D5F7830E-2AE9-448A-A5C1-AF1784DCB4B2}.Debug|Any CPU.ActiveCfg = Debug|Any CPU
		{D5F7830E-2AE9-448A-A5C1-AF1784DCB4B2}.Debug|Any CPU.Build.0 = Debug|Any CPU
		{D5F7830E-2AE9-448A-A5C1-AF1784DCB4B2}.Release|Any CPU.ActiveCfg = Release|Any CPU
		{D5F7830E-2AE9-448A-A5C1-AF1784DCB4B2}.Release|Any CPU.Build.0 = Release|Any CPU
	EndGlobalSection
	GlobalSection(SolutionProperties) = preSolution
		HideSolutionNode = FALSE
	EndGlobalSection
	GlobalSection(ExtensibilityGlobals) = postSolution
		SolutionGuid = {D14C510C-B1AC-4B42-863F-C1FE7DD548BA}
	EndGlobalSection
EndGlobal
