
Microsoft Visual Studio Solution File, Format Version 12.00
# Visual Studio Version 17
VisualStudioVersion = 17.3.32929.385
MinimumVisualStudioVersion = 10.0.40219.1
Project("{FAE04EC0-301F-11D3-BF4B-00C04F79EFBC}") = "Structure", "Structure\Structure.csproj", "{E1678E76-2D0B-4FCF-A4D2-336DFB71BEB1}"
EndProject
Global
	GlobalSection(SolutionConfigurationPlatforms) = preSolution
		Debug|Any CPU = Debug|Any CPU
		Release|Any CPU = Release|Any CPU
	EndGlobalSection
	GlobalSection(ProjectConfigurationPlatforms) = postSolution
		{E1678E76-2D0B-4FCF-A4D2-336DFB71BEB1}.Debug|Any CPU.ActiveCfg = Debug|Any CPU
		{E1678E76-2D0B-4FCF-A4D2-336DFB71BEB1}.Debug|Any CPU.Build.0 = Debug|Any CPU
		{E1678E76-2D0B-4FCF-A4D2-336DFB71BEB1}.Release|Any CPU.ActiveCfg = Release|Any CPU
		{E1678E76-2D0B-4FCF-A4D2-336DFB71BEB1}.Release|Any CPU.Build.0 = Release|Any CPU
	EndGlobalSection
	GlobalSection(SolutionProperties) = preSolution
		HideSolutionNode = FALSE
	EndGlobalSection
	GlobalSection(ExtensibilityGlobals) = postSolution
		SolutionGuid = {607ACACA-FEF7-45D1-AC72-FA2DC436B83D}
	EndGlobalSection
EndGlobal
