
Microsoft Visual Studio Solution File, Format Version 12.00
# Visual Studio Version 17
VisualStudioVersion = 17.3.32929.385
MinimumVisualStudioVersion = 10.0.40219.1
Project("{FAE04EC0-301F-11D3-BF4B-00C04F79EFBC}") = "collection practice", "collection practice\collection practice.csproj", "{151995C8-387E-4ABF-9AC4-4A79B5328AFF}"
EndProject
Global
	GlobalSection(SolutionConfigurationPlatforms) = preSolution
		Debug|Any CPU = Debug|Any CPU
		Release|Any CPU = Release|Any CPU
	EndGlobalSection
	GlobalSection(ProjectConfigurationPlatforms) = postSolution
		{151995C8-387E-4ABF-9AC4-4A79B5328AFF}.Debug|Any CPU.ActiveCfg = Debug|Any CPU
		{151995C8-387E-4ABF-9AC4-4A79B5328AFF}.Debug|Any CPU.Build.0 = Debug|Any CPU
		{151995C8-387E-4ABF-9AC4-4A79B5328AFF}.Release|Any CPU.ActiveCfg = Release|Any CPU
		{151995C8-387E-4ABF-9AC4-4A79B5328AFF}.Release|Any CPU.Build.0 = Release|Any CPU
	EndGlobalSection
	GlobalSection(SolutionProperties) = preSolution
		HideSolutionNode = FALSE
	EndGlobalSection
	GlobalSection(ExtensibilityGlobals) = postSolution
		SolutionGuid = {C34F5C79-60DB-4736-98C7-304F8D4315F5}
	EndGlobalSection
EndGlobal
